// !$*UTF8*$!
{
	archiveVersion = 1;
	classes = {
	};
	objectVersion = 56;
	objects = {

/* Begin PBXBuildFile section */
		3F893B3C2C1728560069219B /* RideWaitZ Watch App.app in Embed Watch Content */ = {isa = PBXBuildFile; fileRef = 3F893B3B2C1728560069219B /* RideWaitZ Watch App.app */; settings = {ATTRIBUTES = (RemoveHeadersOnCopy, ); }; };
		3F893B412C1728560069219B /* RideWaitZApp.swift in Sources */ = {isa = PBXBuildFile; fileRef = 3F893B402C1728560069219B /* RideWaitZApp.swift */; };
		3F893B452C1728570069219B /* Assets.xcassets in Resources */ = {isa = PBXBuildFile; fileRef = 3F893B442C1728570069219B /* Assets.xcassets */; };
		3F893B482C1728570069219B /* Preview Assets.xcassets in Resources */ = {isa = PBXBuildFile; fileRef = 3F893B472C1728570069219B /* Preview Assets.xcassets */; };
		3F893B532C1728A10069219B /* NetworkManager.swift in Sources */ = {isa = PBXBuildFile; fileRef = 3F893B522C1728A10069219B /* NetworkManager.swift */; };
		3F893B552C1728FE0069219B /* LandingPage.swift in Sources */ = {isa = PBXBuildFile; fileRef = 3F893B542C1728FE0069219B /* LandingPage.swift */; };
		3F893B572C1729220069219B /* ParkDetailView.swift in Sources */ = {isa = PBXBuildFile; fileRef = 3F893B562C1729220069219B /* ParkDetailView.swift */; };
/* End PBXBuildFile section */

/* Begin PBXContainerItemProxy section */
		3F893B3D2C1728560069219B /* PBXContainerItemProxy */ = {
			isa = PBXContainerItemProxy;
			containerPortal = 3F893B2F2C1728550069219B /* Project object */;
			proxyType = 1;
			remoteGlobalIDString = 3F893B3A2C1728560069219B;
			remoteInfo = "RideWaitZ Watch App";
		};
/* End PBXContainerItemProxy section */

/* Begin PBXCopyFilesBuildPhase section */
		3F893B4E2C1728570069219B /* Embed Watch Content */ = {
			isa = PBXCopyFilesBuildPhase;
			buildActionMask = 2147483647;
			dstPath = "$(CONTENTS_FOLDER_PATH)/Watch";
			dstSubfolderSpec = 16;
			files = (
				3F893B3C2C1728560069219B /* RideWaitZ Watch App.app in Embed Watch Content */,
			);
			name = "Embed Watch Content";
			runOnlyForDeploymentPostprocessing = 0;
		};
/* End PBXCopyFilesBuildPhase section */

/* Begin PBXFileReference section */
		3F0778482C3C5EA000DC47C6 /* RideWaitZ-Watch-App-Info.plist */ = {isa = PBXFileReference; lastKnownFileType = text.plist; path = "RideWaitZ-Watch-App-Info.plist"; sourceTree = SOURCE_ROOT; };
		3F0EBF1B2C3C94B400DD072F /* README.md */ = {isa = PBXFileReference; lastKnownFileType = net.daringfireball.markdown; path = README.md; sourceTree = "<group>"; };
		3F893B352C1728560069219B /* RideWaitZ.app */ = {isa = PBXFileReference; explicitFileType = wrapper.application; includeInIndex = 0; path = RideWaitZ.app; sourceTree = BUILT_PRODUCTS_DIR; };
		3F893B3B2C1728560069219B /* RideWaitZ Watch App.app */ = {isa = PBXFileReference; explicitFileType = wrapper.application; includeInIndex = 0; path = "RideWaitZ Watch App.app"; sourceTree = BUILT_PRODUCTS_DIR; };
		3F893B402C1728560069219B /* RideWaitZApp.swift */ = {isa = PBXFileReference; lastKnownFileType = sourcecode.swift; path = RideWaitZApp.swift; sourceTree = "<group>"; };
		3F893B442C1728570069219B /* Assets.xcassets */ = {isa = PBXFileReference; lastKnownFileType = folder.assetcatalog; path = Assets.xcassets; sourceTree = "<group>"; };
		3F893B472C1728570069219B /* Preview Assets.xcassets */ = {isa = PBXFileReference; lastKnownFileType = folder.assetcatalog; path = "Preview Assets.xcassets"; sourceTree = "<group>"; };
		3F893B522C1728A10069219B /* NetworkManager.swift */ = {isa = PBXFileReference; lastKnownFileType = sourcecode.swift; path = NetworkManager.swift; sourceTree = "<group>"; };
		3F893B542C1728FE0069219B /* LandingPage.swift */ = {isa = PBXFileReference; lastKnownFileType = sourcecode.swift; path = LandingPage.swift; sourceTree = "<group>"; };
		3F893B562C1729220069219B /* ParkDetailView.swift */ = {isa = PBXFileReference; lastKnownFileType = sourcecode.swift; path = ParkDetailView.swift; sourceTree = "<group>"; };
/* End PBXFileReference section */

/* Begin PBXFrameworksBuildPhase section */
		3F893B382C1728560069219B /* Frameworks */ = {
			isa = PBXFrameworksBuildPhase;
			buildActionMask = 2147483647;
			files = (
			);
			runOnlyForDeploymentPostprocessing = 0;
		};
/* End PBXFrameworksBuildPhase section */

/* Begin PBXGroup section */
		3F893B2E2C1728550069219B = {
			isa = PBXGroup;
			children = (
				3F0EBF1B2C3C94B400DD072F /* README.md */,
				3F893B3F2C1728560069219B /* RideWaitZ Watch App */,
				3F893B362C1728560069219B /* Products */,
			);
			sourceTree = "<group>";
		};
		3F893B362C1728560069219B /* Products */ = {
			isa = PBXGroup;
			children = (
				3F893B352C1728560069219B /* RideWaitZ.app */,
				3F893B3B2C1728560069219B /* RideWaitZ Watch App.app */,
			);
			name = Products;
			sourceTree = "<group>";
		};
		3F893B3F2C1728560069219B /* RideWaitZ Watch App */ = {
			isa = PBXGroup;
			children = (
				3F0778482C3C5EA000DC47C6 /* RideWaitZ-Watch-App-Info.plist */,
				3F893B402C1728560069219B /* RideWaitZApp.swift */,
				3F893B442C1728570069219B /* Assets.xcassets */,
				3F893B462C1728570069219B /* Preview Content */,
				3F893B522C1728A10069219B /* NetworkManager.swift */,
				3F893B542C1728FE0069219B /* LandingPage.swift */,
				3F893B562C1729220069219B /* ParkDetailView.swift */,
			);
			path = "RideWaitZ Watch App";
			sourceTree = "<group>";
		};
		3F893B462C1728570069219B /* Preview Content */ = {
			isa = PBXGroup;
			children = (
				3F893B472C1728570069219B /* Preview Assets.xcassets */,
			);
			path = "Preview Content";
			sourceTree = "<group>";
		};
/* End PBXGroup section */

/* Begin PBXNativeTarget section */
		3F893B342C1728560069219B /* RideWaitZ */ = {
			isa = PBXNativeTarget;
			buildConfigurationList = 3F893B4F2C1728570069219B /* Build configuration list for PBXNativeTarget "RideWaitZ" */;
			buildPhases = (
				3F893B332C1728560069219B /* Resources */,
				3F893B4E2C1728570069219B /* Embed Watch Content */,
			);
			buildRules = (
			);
			dependencies = (
				3F893B3E2C1728560069219B /* PBXTargetDependency */,
			);
			name = RideWaitZ;
			productName = RideWaitZ;
			productReference = 3F893B352C1728560069219B /* RideWaitZ.app */;
			productType = "com.apple.product-type.application.watchapp2-container";
		};
		3F893B3A2C1728560069219B /* RideWaitZ Watch App */ = {
			isa = PBXNativeTarget;
			buildConfigurationList = 3F893B4B2C1728570069219B /* Build configuration list for PBXNativeTarget "RideWaitZ Watch App" */;
			buildPhases = (
				3F893B372C1728560069219B /* Sources */,
				3F893B382C1728560069219B /* Frameworks */,
				3F893B392C1728560069219B /* Resources */,
			);
			buildRules = (
			);
			dependencies = (
			);
			name = "RideWaitZ Watch App";
			productName = "RideWaitZ Watch App";
			productReference = 3F893B3B2C1728560069219B /* RideWaitZ Watch App.app */;
			productType = "com.apple.product-type.application";
		};
/* End PBXNativeTarget section */

/* Begin PBXProject section */
		3F893B2F2C1728550069219B /* Project object */ = {
			isa = PBXProject;
			attributes = {
				BuildIndependentTargetsInParallel = 1;
				LastSwiftUpdateCheck = 1540;
				LastUpgradeCheck = 1540;
				TargetAttributes = {
					3F893B342C1728560069219B = {
						CreatedOnToolsVersion = 15.4;
						LastSwiftMigration = 1540;
					};
					3F893B3A2C1728560069219B = {
						CreatedOnToolsVersion = 15.4;
					};
				};
			};
			buildConfigurationList = 3F893B322C1728550069219B /* Build configuration list for PBXProject "RideWaitZ" */;
			compatibilityVersion = "Xcode 14.0";
			developmentRegion = en;
			hasScannedForEncodings = 0;
			knownRegions = (
				en,
				Base,
			);
			mainGroup = 3F893B2E2C1728550069219B;
			productRefGroup = 3F893B362C1728560069219B /* Products */;
			projectDirPath = "";
			projectRoot = "";
			targets = (
				3F893B342C1728560069219B /* RideWaitZ */,
				3F893B3A2C1728560069219B /* RideWaitZ Watch App */,
			);
		};
/* End PBXProject section */

/* Begin PBXResourcesBuildPhase section */
		3F893B332C1728560069219B /* Resources */ = {
			isa = PBXResourcesBuildPhase;
			buildActionMask = 2147483647;
			files = (
			);
			runOnlyForDeploymentPostprocessing = 0;
		};
		3F893B392C1728560069219B /* Resources */ = {
			isa = PBXResourcesBuildPhase;
			buildActionMask = 2147483647;
			files = (
				3F893B482C1728570069219B /* Preview Assets.xcassets in Resources */,
				3F893B452C1728570069219B /* Assets.xcassets in Resources */,
			);
			runOnlyForDeploymentPostprocessing = 0;
		};
/* End PBXResourcesBuildPhase section */

/* Begin PBXSourcesBuildPhase section */
		3F893B372C1728560069219B /* Sources */ = {
			isa = PBXSourcesBuildPhase;
			buildActionMask = 2147483647;
			files = (
				3F893B532C1728A10069219B /* NetworkManager.swift in Sources */,
				3F893B572C1729220069219B /* ParkDetailView.swift in Sources */,
				3F893B552C1728FE0069219B /* LandingPage.swift in Sources */,
				3F893B412C1728560069219B /* RideWaitZApp.swift in Sources */,
			);
			runOnlyForDeploymentPostprocessing = 0;
		};
/* End PBXSourcesBuildPhase section */

/* Begin PBXTargetDependency section */
		3F893B3E2C1728560069219B /* PBXTargetDependency */ = {
			isa = PBXTargetDependency;
			target = 3F893B3A2C1728560069219B /* RideWaitZ Watch App */;
			targetProxy = 3F893B3D2C1728560069219B /* PBXContainerItemProxy */;
		};
/* End PBXTargetDependency section */

/* Begin XCBuildConfiguration section */
		3F893B492C1728570069219B /* Debug */ = {
			isa = XCBuildConfiguration;
			buildSettings = {
				ALWAYS_SEARCH_USER_PATHS = NO;
				ASSETCATALOG_COMPILER_GENERATE_SWIFT_ASSET_SYMBOL_EXTENSIONS = YES;
				CLANG_ANALYZER_NONNULL = YES;
				CLANG_ANALYZER_NUMBER_OBJECT_CONVERSION = YES_AGGRESSIVE;
				CLANG_CXX_LANGUAGE_STANDARD = "gnu++20";
				CLANG_ENABLE_MODULES = YES;
				CLANG_ENABLE_OBJC_ARC = YES;
				CLANG_ENABLE_OBJC_WEAK = YES;
				CLANG_WARN_BLOCK_CAPTURE_AUTORELEASING = YES;
				CLANG_WARN_BOOL_CONVERSION = YES;
				CLANG_WARN_COMMA = YES;
				CLANG_WARN_CONSTANT_CONVERSION = YES;
				CLANG_WARN_DEPRECATED_OBJC_IMPLEMENTATIONS = YES;
				CLANG_WARN_DIRECT_OBJC_ISA_USAGE = YES_ERROR;
				CLANG_WARN_DOCUMENTATION_COMMENTS = YES;
				CLANG_WARN_EMPTY_BODY = YES;
				CLANG_WARN_ENUM_CONVERSION = YES;
				CLANG_WARN_INFINITE_RECURSION = YES;
				CLANG_WARN_INT_CONVERSION = YES;
				CLANG_WARN_NON_LITERAL_NULL_CONVERSION = YES;
				CLANG_WARN_OBJC_IMPLICIT_RETAIN_SELF = YES;
				CLANG_WARN_OBJC_LITERAL_CONVERSION = YES;
				CLANG_WARN_OBJC_ROOT_CLASS = YES_ERROR;
				CLANG_WARN_QUOTED_INCLUDE_IN_FRAMEWORK_HEADER = YES;
				CLANG_WARN_RANGE_LOOP_ANALYSIS = YES;
				CLANG_WARN_STRICT_PROTOTYPES = YES;
				CLANG_WARN_SUSPICIOUS_MOVE = YES;
				CLANG_WARN_UNGUARDED_AVAILABILITY = YES_AGGRESSIVE;
				CLANG_WARN_UNREACHABLE_CODE = YES;
				CLANG_WARN__DUPLICATE_METHOD_MATCH = YES;
				COPY_PHASE_STRIP = NO;
				DEBUG_INFORMATION_FORMAT = dwarf;
				ENABLE_STRICT_OBJC_MSGSEND = YES;
				ENABLE_TESTABILITY = YES;
				ENABLE_USER_SCRIPT_SANDBOXING = YES;
				GCC_C_LANGUAGE_STANDARD = gnu17;
				GCC_DYNAMIC_NO_PIC = NO;
				GCC_NO_COMMON_BLOCKS = YES;
				GCC_OPTIMIZATION_LEVEL = 0;
				GCC_PREPROCESSOR_DEFINITIONS = (
					"DEBUG=1",
					"$(inherited)",
				);
				GCC_WARN_64_TO_32_BIT_CONVERSION = YES;
				GCC_WARN_ABOUT_RETURN_TYPE = YES_ERROR;
				GCC_WARN_UNDECLARED_SELECTOR = YES;
				GCC_WARN_UNINITIALIZED_AUTOS = YES_AGGRESSIVE;
				GCC_WARN_UNUSED_FUNCTION = YES;
				GCC_WARN_UNUSED_VARIABLE = YES;
				IPHONEOS_DEPLOYMENT_TARGET = 17.0;
				LOCALIZATION_PREFERS_STRING_CATALOGS = YES;
				MTL_ENABLE_DEBUG_INFO = INCLUDE_SOURCE;
				MTL_FAST_MATH = YES;
				ONLY_ACTIVE_ARCH = YES;
				SDKROOT = watchos;
				SUPPORTED_PLATFORMS = "watchsimulator watchos";
				SWIFT_ACTIVE_COMPILATION_CONDITIONS = "DEBUG $(inherited)";
				SWIFT_OPTIMIZATION_LEVEL = "-Onone";
				WATCHOS_DEPLOYMENT_TARGET = 10.5;
			};
			name = Debug;
		};
		3F893B4A2C1728570069219B /* Release */ = {
			isa = XCBuildConfiguration;
			buildSettings = {
				ALWAYS_SEARCH_USER_PATHS = NO;
				ASSETCATALOG_COMPILER_GENERATE_SWIFT_ASSET_SYMBOL_EXTENSIONS = YES;
				CLANG_ANALYZER_NONNULL = YES;
				CLANG_ANALYZER_NUMBER_OBJECT_CONVERSION = YES_AGGRESSIVE;
				CLANG_CXX_LANGUAGE_STANDARD = "gnu++20";
				CLANG_ENABLE_MODULES = YES;
				CLANG_ENABLE_OBJC_ARC = YES;
				CLANG_ENABLE_OBJC_WEAK = YES;
				CLANG_WARN_BLOCK_CAPTURE_AUTORELEASING = YES;
				CLANG_WARN_BOOL_CONVERSION = YES;
				CLANG_WARN_COMMA = YES;
				CLANG_WARN_CONSTANT_CONVERSION = YES;
				CLANG_WARN_DEPRECATED_OBJC_IMPLEMENTATIONS = YES;
				CLANG_WARN_DIRECT_OBJC_ISA_USAGE = YES_ERROR;
				CLANG_WARN_DOCUMENTATION_COMMENTS = YES;
				CLANG_WARN_EMPTY_BODY = YES;
				CLANG_WARN_ENUM_CONVERSION = YES;
				CLANG_WARN_INFINITE_RECURSION = YES;
				CLANG_WARN_INT_CONVERSION = YES;
				CLANG_WARN_NON_LITERAL_NULL_CONVERSION = YES;
				CLANG_WARN_OBJC_IMPLICIT_RETAIN_SELF = YES;
				CLANG_WARN_OBJC_LITERAL_CONVERSION = YES;
				CLANG_WARN_OBJC_ROOT_CLASS = YES_ERROR;
				CLANG_WARN_QUOTED_INCLUDE_IN_FRAMEWORK_HEADER = YES;
				CLANG_WARN_RANGE_LOOP_ANALYSIS = YES;
				CLANG_WARN_STRICT_PROTOTYPES = YES;
				CLANG_WARN_SUSPICIOUS_MOVE = YES;
				CLANG_WARN_UNGUARDED_AVAILABILITY = YES_AGGRESSIVE;
				CLANG_WARN_UNREACHABLE_CODE = YES;
				CLANG_WARN__DUPLICATE_METHOD_MATCH = YES;
				COPY_PHASE_STRIP = NO;
				DEBUG_INFORMATION_FORMAT = "dwarf-with-dsym";
				ENABLE_NS_ASSERTIONS = NO;
				ENABLE_STRICT_OBJC_MSGSEND = YES;
				ENABLE_USER_SCRIPT_SANDBOXING = YES;
				GCC_C_LANGUAGE_STANDARD = gnu17;
				GCC_NO_COMMON_BLOCKS = YES;
				GCC_WARN_64_TO_32_BIT_CONVERSION = YES;
				GCC_WARN_ABOUT_RETURN_TYPE = YES_ERROR;
				GCC_WARN_UNDECLARED_SELECTOR = YES;
				GCC_WARN_UNINITIALIZED_AUTOS = YES_AGGRESSIVE;
				GCC_WARN_UNUSED_FUNCTION = YES;
				GCC_WARN_UNUSED_VARIABLE = YES;
				IPHONEOS_DEPLOYMENT_TARGET = 17.0;
				LOCALIZATION_PREFERS_STRING_CATALOGS = YES;
				MTL_ENABLE_DEBUG_INFO = NO;
				MTL_FAST_MATH = YES;
				ONLY_ACTIVE_ARCH = YES;
				SDKROOT = watchos;
				SUPPORTED_PLATFORMS = "watchsimulator watchos";
				SWIFT_COMPILATION_MODE = wholemodule;
				WATCHOS_DEPLOYMENT_TARGET = 10.5;
			};
			name = Release;
		};
		3F893B4C2C1728570069219B /* Debug */ = {
			isa = XCBuildConfiguration;
			buildSettings = {
				ASSETCATALOG_COMPILER_APPICON_NAME = AppIcon;
				ASSETCATALOG_COMPILER_GLOBAL_ACCENT_COLOR_NAME = AccentColor;
				ASSETCATALOG_COMPILER_INCLUDE_ALL_APPICON_ASSETS = YES;
				CODE_SIGN_STYLE = Automatic;
				CURRENT_PROJECT_VERSION = 2;
				DEVELOPMENT_ASSET_PATHS = "\"RideWaitZ Watch App/Preview Content\"";
				DEVELOPMENT_TEAM = 2R575G8NC7;
				ENABLE_PREVIEWS = YES;
				GENERATE_INFOPLIST_FILE = YES;
				INFOPLIST_FILE = "RideWaitZ-Watch-App-Info.plist";
				INFOPLIST_KEY_CFBundleDisplayName = RideWaitZ;
				INFOPLIST_KEY_WKWatchOnly = YES;
				LD_RUNPATH_SEARCH_PATHS = (
					"$(inherited)",
					"@executable_path/Frameworks",
				);
				MARKETING_VERSION = 1.4;
				PRODUCT_BUNDLE_IDENTIFIER = KastleKreations.RideWaitZ.watchkitapp;
				PRODUCT_NAME = "$(TARGET_NAME)";
				SDKROOT = watchos;
				SKIP_INSTALL = YES;
				SWIFT_EMIT_LOC_STRINGS = YES;
				SWIFT_VERSION = 5.0;
				TARGETED_DEVICE_FAMILY = 4;
				WATCHOS_DEPLOYMENT_TARGET = 10.5;
			};
			name = Debug;
		};
		3F893B4D2C1728570069219B /* Release */ = {
			isa = XCBuildConfiguration;
			buildSettings = {
				ASSETCATALOG_COMPILER_APPICON_NAME = AppIcon;
				ASSETCATALOG_COMPILER_GLOBAL_ACCENT_COLOR_NAME = AccentColor;
				ASSETCATALOG_COMPILER_INCLUDE_ALL_APPICON_ASSETS = YES;
				CODE_SIGN_STYLE = Automatic;
				CURRENT_PROJECT_VERSION = 2;
				DEVELOPMENT_ASSET_PATHS = "\"RideWaitZ Watch App/Preview Content\"";
				DEVELOPMENT_TEAM = 2R575G8NC7;
				ENABLE_PREVIEWS = YES;
				GENERATE_INFOPLIST_FILE = YES;
				INFOPLIST_FILE = "RideWaitZ-Watch-App-Info.plist";
				INFOPLIST_KEY_CFBundleDisplayName = RideWaitZ;
				INFOPLIST_KEY_WKWatchOnly = YES;
				LD_RUNPATH_SEARCH_PATHS = (
					"$(inherited)",
					"@executable_path/Frameworks",
				);
				MARKETING_VERSION = 1.4;
				PRODUCT_BUNDLE_IDENTIFIER = KastleKreations.RideWaitZ.watchkitapp;
				PRODUCT_NAME = "$(TARGET_NAME)";
				SDKROOT = watchos;
				SKIP_INSTALL = YES;
				SWIFT_EMIT_LOC_STRINGS = YES;
				SWIFT_VERSION = 5.0;
				TARGETED_DEVICE_FAMILY = 4;
				VALIDATE_PRODUCT = YES;
				WATCHOS_DEPLOYMENT_TARGET = 10.5;
			};
			name = Release;
		};
		3F893B502C1728570069219B /* Debug */ = {
			isa = XCBuildConfiguration;
			buildSettings = {
				ALWAYS_EMBED_SWIFT_STANDARD_LIBRARIES = YES;
				CLANG_ENABLE_MODULES = YES;
				CODE_SIGN_STYLE = Automatic;
				CURRENT_PROJECT_VERSION = 1;
				DEVELOPMENT_TEAM = 2R575G8NC7;
				INFOPLIST_KEY_CFBundleDisplayName = RideWaitZ;
				MARKETING_VERSION = 1.4;
				PRODUCT_BUNDLE_IDENTIFIER = KastleKreations.RideWaitZ;
				PRODUCT_NAME = "$(TARGET_NAME)";
				SDKROOT = iphoneos;
				SUPPORTED_PLATFORMS = "iphonesimulator iphoneos";
				SUPPORTS_MACCATALYST = NO;
				SWIFT_OPTIMIZATION_LEVEL = "-Onone";
				SWIFT_VERSION = 5.0;
				TARGETED_DEVICE_FAMILY = 1;
			};
			name = Debug;
		};
		3F893B512C1728570069219B /* Release */ = {
			isa = XCBuildConfiguration;
			buildSettings = {
				ALWAYS_EMBED_SWIFT_STANDARD_LIBRARIES = YES;
				CLANG_ENABLE_MODULES = YES;
				CODE_SIGN_STYLE = Automatic;
				CURRENT_PROJECT_VERSION = 1;
				DEVELOPMENT_TEAM = 2R575G8NC7;
				INFOPLIST_KEY_CFBundleDisplayName = RideWaitZ;
				MARKETING_VERSION = 1.4;
				PRODUCT_BUNDLE_IDENTIFIER = KastleKreations.RideWaitZ;
				PRODUCT_NAME = "$(TARGET_NAME)";
				SDKROOT = iphoneos;
				SUPPORTED_PLATFORMS = "iphonesimulator iphoneos";
				SUPPORTS_MACCATALYST = NO;
				SWIFT_VERSION = 5.0;
				TARGETED_DEVICE_FAMILY = 1;
				VALIDATE_PRODUCT = YES;
			};
			name = Release;
		};
/* End XCBuildConfiguration section */

/* Begin XCConfigurationList section */
		3F893B322C1728550069219B /* Build configuration list for PBXProject "RideWaitZ" */ = {
			isa = XCConfigurationList;
			buildConfigurations = (
				3F893B492C1728570069219B /* Debug */,
				3F893B4A2C1728570069219B /* Release */,
			);
			defaultConfigurationIsVisible = 0;
			defaultConfigurationName = Release;
		};
		3F893B4B2C1728570069219B /* Build configuration list for PBXNativeTarget "RideWaitZ Watch App" */ = {
			isa = XCConfigurationList;
			buildConfigurations = (
				3F893B4C2C1728570069219B /* Debug */,
				3F893B4D2C1728570069219B /* Release */,
			);
			defaultConfigurationIsVisible = 0;
			defaultConfigurationName = Release;
		};
		3F893B4F2C1728570069219B /* Build configuration list for PBXNativeTarget "RideWaitZ" */ = {
			isa = XCConfigurationList;
			buildConfigurations = (
				3F893B502C1728570069219B /* Debug */,
				3F893B512C1728570069219B /* Release */,
			);
			defaultConfigurationIsVisible = 0;
			defaultConfigurationName = Release;
		};
/* End XCConfigurationList section */
	};
	rootObject = 3F893B2F2C1728550069219B /* Project object */;
}
