// !$*UTF8*$!
{
	archiveVersion = 1;
	classes = {
	};
	objectVersion = 70;
	objects = {

/* Begin PBXBuildFile section */
		3F5C69FA2D0A2E9D0067F5B8 /* ParkDetailViewModel.swift in Sources */ = {isa = PBXBuildFile; fileRef = 3F5C69F92D0A2E960067F5B8 /* ParkDetailViewModel.swift */; };
		3F5C69FC2D0A2EC50067F5B8 /* RideStatusHelper.swift in Sources */ = {isa = PBXBuildFile; fileRef = 3F5C69FB2D0A2EC20067F5B8 /* RideStatusHelper.swift */; };
		3F5D48CA2D11C57A00B2A376 /* SwiftUI.framework in Frameworks */ = {isa = PBXBuildFile; fileRef = 3F3576EE2D107C7F002C7698 /* SwiftUI.framework */; };
		3F78E5A92D11E007009922B5 /* RideWaitZ-Watch-App-Info.plist in Resources */ = {isa = PBXBuildFile; fileRef = 3F0778482C3C5EA000DC47C6 /* RideWaitZ-Watch-App-Info.plist */; };
		3F839F2E2D11BA7C00B46A91 /* WidgetKit.framework in Frameworks */ = {isa = PBXBuildFile; fileRef = 3F3576EC2D107C7F002C7698 /* WidgetKit.framework */; };
		3F839F3A2D11BA7D00B46A91 /* RideWaitzLauncherExtension.appex in Embed Foundation Extensions */ = {isa = PBXBuildFile; fileRef = 3F839F2D2D11BA7C00B46A91 /* RideWaitzLauncherExtension.appex */; settings = {ATTRIBUTES = (RemoveHeadersOnCopy, ); }; };
		3F893B3C2C1728560069219B /* RideWaitZ Watch App.app in Embed Watch Content */ = {isa = PBXBuildFile; fileRef = 3F893B3B2C1728560069219B /* RideWaitZ Watch App.app */; settings = {ATTRIBUTES = (RemoveHeadersOnCopy, ); }; };
		3F893B412C1728560069219B /* RideWaitZApp.swift in Sources */ = {isa = PBXBuildFile; fileRef = 3F893B402C1728560069219B /* RideWaitZApp.swift */; };
		3F893B452C1728570069219B /* Assets.xcassets in Resources */ = {isa = PBXBuildFile; fileRef = 3F893B442C1728570069219B /* Assets.xcassets */; };
		3F893B482C1728570069219B /* Preview Assets.xcassets in Resources */ = {isa = PBXBuildFile; fileRef = 3F893B472C1728570069219B /* Preview Assets.xcassets */; };
		3F893B532C1728A10069219B /* NetworkManager.swift in Sources */ = {isa = PBXBuildFile; fileRef = 3F893B522C1728A10069219B /* NetworkManager.swift */; };
		3F893B552C1728FE0069219B /* LandingPage.swift in Sources */ = {isa = PBXBuildFile; fileRef = 3F893B542C1728FE0069219B /* LandingPage.swift */; };
		3F893B572C1729220069219B /* ParkDetailView.swift in Sources */ = {isa = PBXBuildFile; fileRef = 3F893B562C1729220069219B /* ParkDetailView.swift */; };
		3FF50FE72D0A35DD00B0C9B8 /* RideRowView.swift in Sources */ = {isa = PBXBuildFile; fileRef = 3FF50FE62D0A35D900B0C9B8 /* RideRowView.swift */; };
		3FF50FE92D0A35F400B0C9B8 /* ShowRowView.swift in Sources */ = {isa = PBXBuildFile; fileRef = 3FF50FE82D0A35F000B0C9B8 /* ShowRowView.swift */; };
/* End PBXBuildFile section */

/* Begin PBXContainerItemProxy section */
		3F839F382D11BA7D00B46A91 /* PBXContainerItemProxy */ = {
			isa = PBXContainerItemProxy;
			containerPortal = 3F893B2F2C1728550069219B /* Project object */;
			proxyType = 1;
			remoteGlobalIDString = 3F839F2C2D11BA7C00B46A91;
			remoteInfo = RideWaitzLauncherExtension;
		};
		3F893B3D2C1728560069219B /* PBXContainerItemProxy */ = {
			isa = PBXContainerItemProxy;
			containerPortal = 3F893B2F2C1728550069219B /* Project object */;
			proxyType = 1;
			remoteGlobalIDString = 3F893B3A2C1728560069219B;
			remoteInfo = "RideWaitZ Watch App";
		};
/* End PBXContainerItemProxy section */

/* Begin PBXCopyFilesBuildPhase section */
		3F3576FF2D107C81002C7698 /* Embed Foundation Extensions */ = {
			isa = PBXCopyFilesBuildPhase;
			buildActionMask = 2147483647;
			dstPath = "";
			dstSubfolderSpec = 13;
			files = (
				3F839F3A2D11BA7D00B46A91 /* RideWaitzLauncherExtension.appex in Embed Foundation Extensions */,
			);
			name = "Embed Foundation Extensions";
			runOnlyForDeploymentPostprocessing = 0;
		};
		3F893B4E2C1728570069219B /* Embed Watch Content */ = {
			isa = PBXCopyFilesBuildPhase;
			buildActionMask = 2147483647;
			dstPath = "$(CONTENTS_FOLDER_PATH)/Watch";
			dstSubfolderSpec = 16;
			files = (
				3F893B3C2C1728560069219B /* RideWaitZ Watch App.app in Embed Watch Content */,
			);
			name = "Embed Watch Content";
			runOnlyForDeploymentPostprocessing = 0;
		};
/* End PBXCopyFilesBuildPhase section */

/* Begin PBXFileReference section */
		3F0778482C3C5EA000DC47C6 /* RideWaitZ-Watch-App-Info.plist */ = {isa = PBXFileReference; lastKnownFileType = text.plist; path = "RideWaitZ-Watch-App-Info.plist"; sourceTree = SOURCE_ROOT; };
		3F0EBF1B2C3C94B400DD072F /* README.md */ = {isa = PBXFileReference; lastKnownFileType = net.daringfireball.markdown; path = README.md; sourceTree = "<group>"; };
		3F3576EC2D107C7F002C7698 /* WidgetKit.framework */ = {isa = PBXFileReference; lastKnownFileType = wrapper.framework; name = WidgetKit.framework; path = System/Library/Frameworks/WidgetKit.framework; sourceTree = SDKROOT; };
		3F3576EE2D107C7F002C7698 /* SwiftUI.framework */ = {isa = PBXFileReference; lastKnownFileType = wrapper.framework; name = SwiftUI.framework; path = System/Library/Frameworks/SwiftUI.framework; sourceTree = SDKROOT; };
		3F5C69F92D0A2E960067F5B8 /* ParkDetailViewModel.swift */ = {isa = PBXFileReference; lastKnownFileType = sourcecode.swift; path = ParkDetailViewModel.swift; sourceTree = "<group>"; };
		3F5C69FB2D0A2EC20067F5B8 /* RideStatusHelper.swift */ = {isa = PBXFileReference; lastKnownFileType = sourcecode.swift; path = RideStatusHelper.swift; sourceTree = "<group>"; };
		3F839F2D2D11BA7C00B46A91 /* RideWaitzLauncherExtension.appex */ = {isa = PBXFileReference; explicitFileType = "wrapper.app-extension"; includeInIndex = 0; path = RideWaitzLauncherExtension.appex; sourceTree = BUILT_PRODUCTS_DIR; };
		3F893B352C1728560069219B /* RideWaitZ.app */ = {isa = PBXFileReference; explicitFileType = wrapper.application; includeInIndex = 0; path = RideWaitZ.app; sourceTree = BUILT_PRODUCTS_DIR; };
		3F893B3B2C1728560069219B /* RideWaitZ Watch App.app */ = {isa = PBXFileReference; explicitFileType = wrapper.application; includeInIndex = 0; path = "RideWaitZ Watch App.app"; sourceTree = BUILT_PRODUCTS_DIR; };
		3F893B402C1728560069219B /* RideWaitZApp.swift */ = {isa = PBXFileReference; lastKnownFileType = sourcecode.swift; path = RideWaitZApp.swift; sourceTree = "<group>"; };
		3F893B442C1728570069219B /* Assets.xcassets */ = {isa = PBXFileReference; lastKnownFileType = folder.assetcatalog; path = Assets.xcassets; sourceTree = "<group>"; };
		3F893B472C1728570069219B /* Preview Assets.xcassets */ = {isa = PBXFileReference; lastKnownFileType = folder.assetcatalog; path = "Preview Assets.xcassets"; sourceTree = "<group>"; };
		3F893B522C1728A10069219B /* NetworkManager.swift */ = {isa = PBXFileReference; lastKnownFileType = sourcecode.swift; path = NetworkManager.swift; sourceTree = "<group>"; };
		3F893B542C1728FE0069219B /* LandingPage.swift */ = {isa = PBXFileReference; lastKnownFileType = sourcecode.swift; path = LandingPage.swift; sourceTree = "<group>"; };
		3F893B562C1729220069219B /* ParkDetailView.swift */ = {isa = PBXFileReference; lastKnownFileType = sourcecode.swift; path = ParkDetailView.swift; sourceTree = "<group>"; };
		3FF50FE62D0A35D900B0C9B8 /* RideRowView.swift */ = {isa = PBXFileReference; lastKnownFileType = sourcecode.swift; path = RideRowView.swift; sourceTree = "<group>"; };
		3FF50FE82D0A35F000B0C9B8 /* ShowRowView.swift */ = {isa = PBXFileReference; lastKnownFileType = sourcecode.swift; path = ShowRowView.swift; sourceTree = "<group>"; };
/* End PBXFileReference section */

/* Begin PBXFileSystemSynchronizedBuildFileExceptionSet section */
		3F839F3D2D11BA7D00B46A91 /* PBXFileSystemSynchronizedBuildFileExceptionSet */ = {
			isa = PBXFileSystemSynchronizedBuildFileExceptionSet;
			membershipExceptions = (
				Info.plist,
			);
			target = 3F839F2C2D11BA7C00B46A91 /* RideWaitzLauncherExtension */;
		};
/* End PBXFileSystemSynchronizedBuildFileExceptionSet section */

/* Begin PBXFileSystemSynchronizedRootGroup section */
		3F839F302D11BA7C00B46A91 /* RideWaitzLauncher */ = {isa = PBXFileSystemSynchronizedRootGroup; exceptions = (3F839F3D2D11BA7D00B46A91 /* PBXFileSystemSynchronizedBuildFileExceptionSet */, ); explicitFileTypes = {}; explicitFolders = (); path = RideWaitzLauncher; sourceTree = "<group>"; };
/* End PBXFileSystemSynchronizedRootGroup section */

/* Begin PBXFrameworksBuildPhase section */
		3F839F2A2D11BA7C00B46A91 /* Frameworks */ = {
			isa = PBXFrameworksBuildPhase;
			buildActionMask = 2147483647;
			files = (
				3F5D48CA2D11C57A00B2A376 /* SwiftUI.framework in Frameworks */,
				3F839F2E2D11BA7C00B46A91 /* WidgetKit.framework in Frameworks */,
			);
			runOnlyForDeploymentPostprocessing = 0;
		};
		3F893B382C1728560069219B /* Frameworks */ = {
			isa = PBXFrameworksBuildPhase;
			buildActionMask = 2147483647;
			files = (
			);
			runOnlyForDeploymentPostprocessing = 0;
		};
/* End PBXFrameworksBuildPhase section */

/* Begin PBXGroup section */
		3F3576EB2D107C7F002C7698 /* Frameworks */ = {
			isa = PBXGroup;
			children = (
				3F3576EC2D107C7F002C7698 /* WidgetKit.framework */,
				3F3576EE2D107C7F002C7698 /* SwiftUI.framework */,
			);
			name = Frameworks;
			sourceTree = "<group>";
		};
		3F893B2E2C1728550069219B = {
			isa = PBXGroup;
			children = (
				3F0EBF1B2C3C94B400DD072F /* README.md */,
				3F893B3F2C1728560069219B /* RideWaitZ Watch App */,
				3F839F302D11BA7C00B46A91 /* RideWaitzLauncher */,
				3F3576EB2D107C7F002C7698 /* Frameworks */,
				3F893B362C1728560069219B /* Products */,
			);
			sourceTree = "<group>";
		};
		3F893B362C1728560069219B /* Products */ = {
			isa = PBXGroup;
			children = (
				3F893B352C1728560069219B /* RideWaitZ.app */,
				3F893B3B2C1728560069219B /* RideWaitZ Watch App.app */,
				3F839F2D2D11BA7C00B46A91 /* RideWaitzLauncherExtension.appex */,
			);
			name = Products;
			sourceTree = "<group>";
		};
		3F893B3F2C1728560069219B /* RideWaitZ Watch App */ = {
			isa = PBXGroup;
			children = (
				3F0778482C3C5EA000DC47C6 /* RideWaitZ-Watch-App-Info.plist */,
				3F893B402C1728560069219B /* RideWaitZApp.swift */,
				3F893B442C1728570069219B /* Assets.xcassets */,
				3F893B462C1728570069219B /* Preview Content */,
				3F893B522C1728A10069219B /* NetworkManager.swift */,
				3FF50FE62D0A35D900B0C9B8 /* RideRowView.swift */,
				3FF50FE82D0A35F000B0C9B8 /* ShowRowView.swift */,
				3F893B542C1728FE0069219B /* LandingPage.swift */,
				3F893B562C1729220069219B /* ParkDetailView.swift */,
				3F5C69F92D0A2E960067F5B8 /* ParkDetailViewModel.swift */,
				3F5C69FB2D0A2EC20067F5B8 /* RideStatusHelper.swift */,
			);
			path = "RideWaitZ Watch App";
			sourceTree = "<group>";
		};
		3F893B462C1728570069219B /* Preview Content */ = {
			isa = PBXGroup;
			children = (
				3F893B472C1728570069219B /* Preview Assets.xcassets */,
			);
			path = "Preview Content";
			sourceTree = "<group>";
		};
/* End PBXGroup section */

/* Begin PBXNativeTarget section */
		3F839F2C2D11BA7C00B46A91 /* RideWaitzLauncherExtension */ = {
			isa = PBXNativeTarget;
			buildConfigurationList = 3F839F3E2D11BA7D00B46A91 /* Build configuration list for PBXNativeTarget "RideWaitzLauncherExtension" */;
			buildPhases = (
				3F839F292D11BA7C00B46A91 /* Sources */,
				3F839F2A2D11BA7C00B46A91 /* Frameworks */,
				3F839F2B2D11BA7C00B46A91 /* Resources */,
			);
			buildRules = (
			);
			dependencies = (
			);
			fileSystemSynchronizedGroups = (
				3F839F302D11BA7C00B46A91 /* RideWaitzLauncher */,
			);
			name = RideWaitzLauncherExtension;
			packageProductDependencies = (
			);
			productName = RideWaitzLauncherExtension;
			productReference = 3F839F2D2D11BA7C00B46A91 /* RideWaitzLauncherExtension.appex */;
			productType = "com.apple.product-type.app-extension";
		};
		3F893B342C1728560069219B /* RideWaitZ */ = {
			isa = PBXNativeTarget;
			buildConfigurationList = 3F893B4F2C1728570069219B /* Build configuration list for PBXNativeTarget "RideWaitZ" */;
			buildPhases = (
				3F893B332C1728560069219B /* Resources */,
				3F893B4E2C1728570069219B /* Embed Watch Content */,
			);
			buildRules = (
			);
			dependencies = (
				3F893B3E2C1728560069219B /* PBXTargetDependency */,
			);
			name = RideWaitZ;
			productName = RideWaitZ;
			productReference = 3F893B352C1728560069219B /* RideWaitZ.app */;
			productType = "com.apple.product-type.application.watchapp2-container";
		};
		3F893B3A2C1728560069219B /* RideWaitZ Watch App */ = {
			isa = PBXNativeTarget;
			buildConfigurationList = 3F893B4B2C1728570069219B /* Build configuration list for PBXNativeTarget "RideWaitZ Watch App" */;
			buildPhases = (
				3F893B372C1728560069219B /* Sources */,
				3F893B382C1728560069219B /* Frameworks */,
				3F893B392C1728560069219B /* Resources */,
				3F3576FF2D107C81002C7698 /* Embed Foundation Extensions */,
			);
			buildRules = (
			);
			dependencies = (
				3F839F392D11BA7D00B46A91 /* PBXTargetDependency */,
			);
			name = "RideWaitZ Watch App";
			productName = "RideWaitZ Watch App";
			productReference = 3F893B3B2C1728560069219B /* RideWaitZ Watch App.app */;
			productType = "com.apple.product-type.application";
		};
/* End PBXNativeTarget section */

/* Begin PBXProject section */
		3F893B2F2C1728550069219B /* Project object */ = {
			isa = PBXProject;
			attributes = {
				BuildIndependentTargetsInParallel = 1;
				LastSwiftUpdateCheck = 1620;
				LastUpgradeCheck = 1620;
				TargetAttributes = {
					3F839F2C2D11BA7C00B46A91 = {
						CreatedOnToolsVersion = 16.2;
					};
					3F893B342C1728560069219B = {
						CreatedOnToolsVersion = 15.4;
						LastSwiftMigration = 1540;
					};
					3F893B3A2C1728560069219B = {
						CreatedOnToolsVersion = 15.4;
					};
				};
			};
			buildConfigurationList = 3F893B322C1728550069219B /* Build configuration list for PBXProject "RideWaitZ" */;
			compatibilityVersion = "Xcode 14.0";
			developmentRegion = en;
			hasScannedForEncodings = 0;
			knownRegions = (
				en,
				Base,
			);
			mainGroup = 3F893B2E2C1728550069219B;
			productRefGroup = 3F893B362C1728560069219B /* Products */;
			projectDirPath = "";
			projectRoot = "";
			targets = (
				3F893B342C1728560069219B /* RideWaitZ */,
				3F893B3A2C1728560069219B /* RideWaitZ Watch App */,
				3F839F2C2D11BA7C00B46A91 /* RideWaitzLauncherExtension */,
			);
		};
/* End PBXProject section */

/* Begin PBXResourcesBuildPhase section */
		3F839F2B2D11BA7C00B46A91 /* Resources */ = {
			isa = PBXResourcesBuildPhase;
			buildActionMask = 2147483647;
			files = (
			);
			runOnlyForDeploymentPostprocessing = 0;
		};
		3F893B332C1728560069219B /* Resources */ = {
			isa = PBXResourcesBuildPhase;
			buildActionMask = 2147483647;
			files = (
				3F78E5A92D11E007009922B5 /* RideWaitZ-Watch-App-Info.plist in Resources */,
			);
			runOnlyForDeploymentPostprocessing = 0;
		};
		3F893B392C1728560069219B /* Resources */ = {
			isa = PBXResourcesBuildPhase;
			buildActionMask = 2147483647;
			files = (
				3F893B482C1728570069219B /* Preview Assets.xcassets in Resources */,
				3F893B452C1728570069219B /* Assets.xcassets in Resources */,
			);
			runOnlyForDeploymentPostprocessing = 0;
		};
/* End PBXResourcesBuildPhase section */

/* Begin PBXSourcesBuildPhase section */
		3F839F292D11BA7C00B46A91 /* Sources */ = {
			isa = PBXSourcesBuildPhase;
			buildActionMask = 2147483647;
			files = (
			);
			runOnlyForDeploymentPostprocessing = 0;
		};
		3F893B372C1728560069219B /* Sources */ = {
			isa = PBXSourcesBuildPhase;
			buildActionMask = 2147483647;
			files = (
				3FF50FE92D0A35F400B0C9B8 /* ShowRowView.swift in Sources */,
				3F5C69FA2D0A2E9D0067F5B8 /* ParkDetailViewModel.swift in Sources */,
				3F893B532C1728A10069219B /* NetworkManager.swift in Sources */,
				3FF50FE72D0A35DD00B0C9B8 /* RideRowView.swift in Sources */,
				3F893B572C1729220069219B /* ParkDetailView.swift in Sources */,
				3F893B552C1728FE0069219B /* LandingPage.swift in Sources */,
				3F893B412C1728560069219B /* RideWaitZApp.swift in Sources */,
				3F5C69FC2D0A2EC50067F5B8 /* RideStatusHelper.swift in Sources */,
			);
			runOnlyForDeploymentPostprocessing = 0;
		};
/* End PBXSourcesBuildPhase section */

/* Begin PBXTargetDependency section */
		3F839F392D11BA7D00B46A91 /* PBXTargetDependency */ = {
			isa = PBXTargetDependency;
			target = 3F839F2C2D11BA7C00B46A91 /* RideWaitzLauncherExtension */;
			targetProxy = 3F839F382D11BA7D00B46A91 /* PBXContainerItemProxy */;
		};
		3F893B3E2C1728560069219B /* PBXTargetDependency */ = {
			isa = PBXTargetDependency;
			target = 3F893B3A2C1728560069219B /* RideWaitZ Watch App */;
			targetProxy = 3F893B3D2C1728560069219B /* PBXContainerItemProxy */;
		};
/* End PBXTargetDependency section */

/* Begin XCBuildConfiguration section */
		3F839F3B2D11BA7D00B46A91 /* Debug */ = {
			isa = XCBuildConfiguration;
			buildSettings = {
				ASSETCATALOG_COMPILER_GLOBAL_ACCENT_COLOR_NAME = AccentColor;
				ASSETCATALOG_COMPILER_WIDGET_BACKGROUND_COLOR_NAME = WidgetBackground;
				CODE_SIGN_STYLE = Automatic;
				CURRENT_PROJECT_VERSION = 2;
				DEVELOPMENT_TEAM = 2R575G8NC7;
				GENERATE_INFOPLIST_FILE = YES;
				INFOPLIST_FILE = RideWaitzLauncher/Info.plist;
				INFOPLIST_KEY_CFBundleDisplayName = RideWaitzLauncher;
				INFOPLIST_KEY_NSHumanReadableCopyright = "";
				LD_RUNPATH_SEARCH_PATHS = (
					"$(inherited)",
					"@executable_path/Frameworks",
					"@executable_path/../../Frameworks",
					"@executable_path/../../../../Frameworks",
				);
				MARKETING_VERSION = 1.10;
				PRODUCT_BUNDLE_IDENTIFIER = KastleKreations.RideWaitZ.watchkitapp.RideWaitzLauncher;
				PRODUCT_NAME = "$(TARGET_NAME)";
				SKIP_INSTALL = YES;
				SWIFT_EMIT_LOC_STRINGS = YES;
				SWIFT_VERSION = 5.0;
				TARGETED_DEVICE_FAMILY = 4;
				WATCHOS_DEPLOYMENT_TARGET = 10.5;
			};
			name = Debug;
		};
		3F839F3C2D11BA7D00B46A91 /* Release */ = {
			isa = XCBuildConfiguration;
			buildSettings = {
				ASSETCATALOG_COMPILER_GLOBAL_ACCENT_COLOR_NAME = AccentColor;
				ASSETCATALOG_COMPILER_WIDGET_BACKGROUND_COLOR_NAME = WidgetBackground;
				CODE_SIGN_STYLE = Automatic;
				CURRENT_PROJECT_VERSION = 2;
				DEVELOPMENT_TEAM = 2R575G8NC7;
				GENERATE_INFOPLIST_FILE = YES;
				INFOPLIST_FILE = RideWaitzLauncher/Info.plist;
				INFOPLIST_KEY_CFBundleDisplayName = RideWaitzLauncher;
				INFOPLIST_KEY_NSHumanReadableCopyright = "";
				LD_RUNPATH_SEARCH_PATHS = (
					"$(inherited)",
					"@executable_path/Frameworks",
					"@executable_path/../../Frameworks",
					"@executable_path/../../../../Frameworks",
				);
				MARKETING_VERSION = 1.10;
				PRODUCT_BUNDLE_IDENTIFIER = KastleKreations.RideWaitZ.watchkitapp.RideWaitzLauncher;
				PRODUCT_NAME = "$(TARGET_NAME)";
				SKIP_INSTALL = YES;
				SWIFT_EMIT_LOC_STRINGS = YES;
				SWIFT_VERSION = 5.0;
				TARGETED_DEVICE_FAMILY = 4;
				VALIDATE_PRODUCT = YES;
				WATCHOS_DEPLOYMENT_TARGET = 10.5;
			};
			name = Release;
		};
		3F893B492C1728570069219B /* Debug */ = {
			isa = XCBuildConfiguration;
			buildSettings = {
				ALWAYS_SEARCH_USER_PATHS = NO;
				ASSETCATALOG_COMPILER_GENERATE_SWIFT_ASSET_SYMBOL_EXTENSIONS = YES;
				CLANG_ANALYZER_NONNULL = YES;
				CLANG_ANALYZER_NUMBER_OBJECT_CONVERSION = YES_AGGRESSIVE;
				CLANG_CXX_LANGUAGE_STANDARD = "gnu++20";
				CLANG_ENABLE_MODULES = YES;
				CLANG_ENABLE_OBJC_ARC = YES;
				CLANG_ENABLE_OBJC_WEAK = YES;
				CLANG_WARN_BLOCK_CAPTURE_AUTORELEASING = YES;
				CLANG_WARN_BOOL_CONVERSION = YES;
				CLANG_WARN_COMMA = YES;
				CLANG_WARN_CONSTANT_CONVERSION = YES;
				CLANG_WARN_DEPRECATED_OBJC_IMPLEMENTATIONS = YES;
				CLANG_WARN_DIRECT_OBJC_ISA_USAGE = YES_ERROR;
				CLANG_WARN_DOCUMENTATION_COMMENTS = YES;
				CLANG_WARN_EMPTY_BODY = YES;
				CLANG_WARN_ENUM_CONVERSION = YES;
				CLANG_WARN_INFINITE_RECURSION = YES;
				CLANG_WARN_INT_CONVERSION = YES;
				CLANG_WARN_NON_LITERAL_NULL_CONVERSION = YES;
				CLANG_WARN_OBJC_IMPLICIT_RETAIN_SELF = YES;
				CLANG_WARN_OBJC_LITERAL_CONVERSION = YES;
				CLANG_WARN_OBJC_ROOT_CLASS = YES_ERROR;
				CLANG_WARN_QUOTED_INCLUDE_IN_FRAMEWORK_HEADER = YES;
				CLANG_WARN_RANGE_LOOP_ANALYSIS = YES;
				CLANG_WARN_STRICT_PROTOTYPES = YES;
				CLANG_WARN_SUSPICIOUS_MOVE = YES;
				CLANG_WARN_UNGUARDED_AVAILABILITY = YES_AGGRESSIVE;
				CLANG_WARN_UNREACHABLE_CODE = YES;
				CLANG_WARN__DUPLICATE_METHOD_MATCH = YES;
				COPY_PHASE_STRIP = NO;
				DEBUG_INFORMATION_FORMAT = dwarf;
				ENABLE_STRICT_OBJC_MSGSEND = YES;
				ENABLE_TESTABILITY = YES;
				ENABLE_USER_SCRIPT_SANDBOXING = YES;
				GCC_C_LANGUAGE_STANDARD = gnu17;
				GCC_DYNAMIC_NO_PIC = NO;
				GCC_NO_COMMON_BLOCKS = YES;
				GCC_OPTIMIZATION_LEVEL = 0;
				GCC_PREPROCESSOR_DEFINITIONS = (
					"DEBUG=1",
					"$(inherited)",
				);
				GCC_WARN_64_TO_32_BIT_CONVERSION = YES;
				GCC_WARN_ABOUT_RETURN_TYPE = YES_ERROR;
				GCC_WARN_UNDECLARED_SELECTOR = YES;
				GCC_WARN_UNINITIALIZED_AUTOS = YES_AGGRESSIVE;
				GCC_WARN_UNUSED_FUNCTION = YES;
				GCC_WARN_UNUSED_VARIABLE = YES;
				INFOPLIST_KEY_WKRunsIndependentlyOfCompanionApp = NO;
				INFOPLIST_KEY_WKWatchOnly = YES;
				IPHONEOS_DEPLOYMENT_TARGET = 17.0;
				LOCALIZATION_PREFERS_STRING_CATALOGS = YES;
				MARKETING_VERSION = 1.9;
				MTL_ENABLE_DEBUG_INFO = INCLUDE_SOURCE;
				MTL_FAST_MATH = YES;
				ONLY_ACTIVE_ARCH = YES;
				SDKROOT = watchos;
				SUPPORTED_PLATFORMS = "watchsimulator watchos";
				SWIFT_ACTIVE_COMPILATION_CONDITIONS = "DEBUG $(inherited)";
				SWIFT_OPTIMIZATION_LEVEL = "-Onone";
				WATCHOS_DEPLOYMENT_TARGET = 10.5;
			};
			name = Debug;
		};
		3F893B4A2C1728570069219B /* Release */ = {
			isa = XCBuildConfiguration;
			buildSettings = {
				ALWAYS_SEARCH_USER_PATHS = NO;
				ASSETCATALOG_COMPILER_GENERATE_SWIFT_ASSET_SYMBOL_EXTENSIONS = YES;
				CLANG_ANALYZER_NONNULL = YES;
				CLANG_ANALYZER_NUMBER_OBJECT_CONVERSION = YES_AGGRESSIVE;
				CLANG_CXX_LANGUAGE_STANDARD = "gnu++20";
				CLANG_ENABLE_MODULES = YES;
				CLANG_ENABLE_OBJC_ARC = YES;
				CLANG_ENABLE_OBJC_WEAK = YES;
				CLANG_WARN_BLOCK_CAPTURE_AUTORELEASING = YES;
				CLANG_WARN_BOOL_CONVERSION = YES;
				CLANG_WARN_COMMA = YES;
				CLANG_WARN_CONSTANT_CONVERSION = YES;
				CLANG_WARN_DEPRECATED_OBJC_IMPLEMENTATIONS = YES;
				CLANG_WARN_DIRECT_OBJC_ISA_USAGE = YES_ERROR;
				CLANG_WARN_DOCUMENTATION_COMMENTS = YES;
				CLANG_WARN_EMPTY_BODY = YES;
				CLANG_WARN_ENUM_CONVERSION = YES;
				CLANG_WARN_INFINITE_RECURSION = YES;
				CLANG_WARN_INT_CONVERSION = YES;
				CLANG_WARN_NON_LITERAL_NULL_CONVERSION = YES;
				CLANG_WARN_OBJC_IMPLICIT_RETAIN_SELF = YES;
				CLANG_WARN_OBJC_LITERAL_CONVERSION = YES;
				CLANG_WARN_OBJC_ROOT_CLASS = YES_ERROR;
				CLANG_WARN_QUOTED_INCLUDE_IN_FRAMEWORK_HEADER = YES;
				CLANG_WARN_RANGE_LOOP_ANALYSIS = YES;
				CLANG_WARN_STRICT_PROTOTYPES = YES;
				CLANG_WARN_SUSPICIOUS_MOVE = YES;
				CLANG_WARN_UNGUARDED_AVAILABILITY = YES_AGGRESSIVE;
				CLANG_WARN_UNREACHABLE_CODE = YES;
				CLANG_WARN__DUPLICATE_METHOD_MATCH = YES;
				COPY_PHASE_STRIP = NO;
				DEBUG_INFORMATION_FORMAT = "dwarf-with-dsym";
				ENABLE_NS_ASSERTIONS = NO;
				ENABLE_STRICT_OBJC_MSGSEND = YES;
				ENABLE_USER_SCRIPT_SANDBOXING = YES;
				GCC_C_LANGUAGE_STANDARD = gnu17;
				GCC_NO_COMMON_BLOCKS = YES;
				GCC_WARN_64_TO_32_BIT_CONVERSION = YES;
				GCC_WARN_ABOUT_RETURN_TYPE = YES_ERROR;
				GCC_WARN_UNDECLARED_SELECTOR = YES;
				GCC_WARN_UNINITIALIZED_AUTOS = YES_AGGRESSIVE;
				GCC_WARN_UNUSED_FUNCTION = YES;
				GCC_WARN_UNUSED_VARIABLE = YES;
				INFOPLIST_KEY_WKRunsIndependentlyOfCompanionApp = NO;
				INFOPLIST_KEY_WKWatchOnly = YES;
				IPHONEOS_DEPLOYMENT_TARGET = 17.0;
				LOCALIZATION_PREFERS_STRING_CATALOGS = YES;
				MARKETING_VERSION = 1.9;
				MTL_ENABLE_DEBUG_INFO = NO;
				MTL_FAST_MATH = YES;
				ONLY_ACTIVE_ARCH = YES;
				SDKROOT = watchos;
				SUPPORTED_PLATFORMS = "watchsimulator watchos";
				SWIFT_COMPILATION_MODE = wholemodule;
				WATCHOS_DEPLOYMENT_TARGET = 10.5;
			};
			name = Release;
		};
		3F893B4C2C1728570069219B /* Debug */ = {
			isa = XCBuildConfiguration;
			buildSettings = {
				ASSETCATALOG_COMPILER_APPICON_NAME = AppIcon;
				ASSETCATALOG_COMPILER_GLOBAL_ACCENT_COLOR_NAME = AccentColor;
				ASSETCATALOG_COMPILER_INCLUDE_ALL_APPICON_ASSETS = YES;
				CODE_SIGN_STYLE = Automatic;
				CURRENT_PROJECT_VERSION = 2;
				DEVELOPMENT_ASSET_PATHS = "\"RideWaitZ Watch App/Preview Content\"";
				DEVELOPMENT_TEAM = 2R575G8NC7;
				ENABLE_PREVIEWS = YES;
				GENERATE_INFOPLIST_FILE = YES;
				INFOPLIST_FILE = "RideWaitZ-Watch-App-Info.plist";
				INFOPLIST_KEY_CFBundleDisplayName = RideWaitZ;
				INFOPLIST_KEY_WKWatchOnly = YES;
				LD_RUNPATH_SEARCH_PATHS = (
					"$(inherited)",
					"@executable_path/Frameworks",
				);
				MARKETING_VERSION = 1.10;
				PRODUCT_BUNDLE_IDENTIFIER = KastleKreations.RideWaitZ.watchkitapp;
				PRODUCT_NAME = "$(TARGET_NAME)";
				SDKROOT = watchos;
				SKIP_INSTALL = YES;
				SWIFT_EMIT_LOC_STRINGS = YES;
				SWIFT_VERSION = 5.0;
				TARGETED_DEVICE_FAMILY = 4;
				WATCHOS_DEPLOYMENT_TARGET = 10.5;
			};
			name = Debug;
		};
		3F893B4D2C1728570069219B /* Release */ = {
			isa = XCBuildConfiguration;
			buildSettings = {
				ASSETCATALOG_COMPILER_APPICON_NAME = AppIcon;
				ASSETCATALOG_COMPILER_GLOBAL_ACCENT_COLOR_NAME = AccentColor;
				ASSETCATALOG_COMPILER_INCLUDE_ALL_APPICON_ASSETS = YES;
				CODE_SIGN_STYLE = Automatic;
				CURRENT_PROJECT_VERSION = 2;
				DEVELOPMENT_ASSET_PATHS = "\"RideWaitZ Watch App/Preview Content\"";
				DEVELOPMENT_TEAM = 2R575G8NC7;
				ENABLE_PREVIEWS = YES;
				GENERATE_INFOPLIST_FILE = YES;
				INFOPLIST_FILE = "RideWaitZ-Watch-App-Info.plist";
				INFOPLIST_KEY_CFBundleDisplayName = RideWaitZ;
				INFOPLIST_KEY_WKWatchOnly = YES;
				LD_RUNPATH_SEARCH_PATHS = (
					"$(inherited)",
					"@executable_path/Frameworks",
				);
				MARKETING_VERSION = 1.10;
				PRODUCT_BUNDLE_IDENTIFIER = KastleKreations.RideWaitZ.watchkitapp;
				PRODUCT_NAME = "$(TARGET_NAME)";
				SDKROOT = watchos;
				SKIP_INSTALL = YES;
				SWIFT_EMIT_LOC_STRINGS = YES;
				SWIFT_VERSION = 5.0;
				TARGETED_DEVICE_FAMILY = 4;
				VALIDATE_PRODUCT = YES;
				WATCHOS_DEPLOYMENT_TARGET = 10.5;
			};
			name = Release;
		};
		3F893B502C1728570069219B /* Debug */ = {
			isa = XCBuildConfiguration;
			buildSettings = {
				CLANG_ENABLE_MODULES = YES;
				CODE_SIGN_STYLE = Automatic;
				CURRENT_PROJECT_VERSION = 2;
				DEVELOPMENT_TEAM = 2R575G8NC7;
				INFOPLIST_KEY_CFBundleDisplayName = RideWaitZ;
				INFOPLIST_KEY_WKRunsIndependentlyOfCompanionApp = YES;
				MARKETING_VERSION = 1.10;
				PRODUCT_BUNDLE_IDENTIFIER = KastleKreations.RideWaitZ;
				PRODUCT_NAME = "$(TARGET_NAME)";
				SDKROOT = iphoneos;
				SUPPORTED_PLATFORMS = "iphonesimulator iphoneos";
				SUPPORTS_MACCATALYST = NO;
				SWIFT_OPTIMIZATION_LEVEL = "-Onone";
				SWIFT_VERSION = 5.0;
				TARGETED_DEVICE_FAMILY = 1;
			};
			name = Debug;
		};
		3F893B512C1728570069219B /* Release */ = {
			isa = XCBuildConfiguration;
			buildSettings = {
				CLANG_ENABLE_MODULES = YES;
				CODE_SIGN_STYLE = Automatic;
				CURRENT_PROJECT_VERSION = 2;
				DEVELOPMENT_TEAM = 2R575G8NC7;
				INFOPLIST_KEY_CFBundleDisplayName = RideWaitZ;
				INFOPLIST_KEY_WKRunsIndependentlyOfCompanionApp = YES;
				MARKETING_VERSION = 1.10;
				PRODUCT_BUNDLE_IDENTIFIER = KastleKreations.RideWaitZ;
				PRODUCT_NAME = "$(TARGET_NAME)";
				SDKROOT = iphoneos;
				SUPPORTED_PLATFORMS = "iphonesimulator iphoneos";
				SUPPORTS_MACCATALYST = NO;
				SWIFT_VERSION = 5.0;
				TARGETED_DEVICE_FAMILY = 1;
				VALIDATE_PRODUCT = YES;
			};
			name = Release;
		};
/* End XCBuildConfiguration section */

/* Begin XCConfigurationList section */
		3F839F3E2D11BA7D00B46A91 /* Build configuration list for PBXNativeTarget "RideWaitzLauncherExtension" */ = {
			isa = XCConfigurationList;
			buildConfigurations = (
				3F839F3B2D11BA7D00B46A91 /* Debug */,
				3F839F3C2D11BA7D00B46A91 /* Release */,
			);
			defaultConfigurationIsVisible = 0;
			defaultConfigurationName = Release;
		};
		3F893B322C1728550069219B /* Build configuration list for PBXProject "RideWaitZ" */ = {
			isa = XCConfigurationList;
			buildConfigurations = (
				3F893B492C1728570069219B /* Debug */,
				3F893B4A2C1728570069219B /* Release */,
			);
			defaultConfigurationIsVisible = 0;
			defaultConfigurationName = Release;
		};
		3F893B4B2C1728570069219B /* Build configuration list for PBXNativeTarget "RideWaitZ Watch App" */ = {
			isa = XCConfigurationList;
			buildConfigurations = (
				3F893B4C2C1728570069219B /* Debug */,
				3F893B4D2C1728570069219B /* Release */,
			);
			defaultConfigurationIsVisible = 0;
			defaultConfigurationName = Release;
		};
		3F893B4F2C1728570069219B /* Build configuration list for PBXNativeTarget "RideWaitZ" */ = {
			isa = XCConfigurationList;
			buildConfigurations = (
				3F893B502C1728570069219B /* Debug */,
				3F893B512C1728570069219B /* Release */,
			);
			defaultConfigurationIsVisible = 0;
			defaultConfigurationName = Release;
		};
/* End XCConfigurationList section */
	};
	rootObject = 3F893B2F2C1728550069219B /* Project object */;
}
